
Microsoft Visual Studio Solution File, Format Version 12.00
# Visual Studio Version 16
VisualStudioVersion = 16.0.31605.320
MinimumVisualStudioVersion = 10.0.40219.1
Project("{FAE04EC0-301F-11D3-BF4B-00C04F79EFBC}") = "BbcWebscrape", "BbcWebscrape\BbcWebscrape.csproj", "{3E6F519D-E4BC-4447-AA52-58BC73133FDC}"
EndProject
Global
	GlobalSection(SolutionConfigurationPlatforms) = preSolution
		Debug|Any CPU = Debug|Any CPU
		Release|Any CPU = Release|Any CPU
	EndGlobalSection
	GlobalSection(ProjectConfigurationPlatforms) = postSolution
		{3E6F519D-E4BC-4447-AA52-58BC73133FDC}.Debug|Any CPU.ActiveCfg = Debug|Any CPU
		{3E6F519D-E4BC-4447-AA52-58BC73133FDC}.Debug|Any CPU.Build.0 = Debug|Any CPU
		{3E6F519D-E4BC-4447-AA52-58BC73133FDC}.Release|Any CPU.ActiveCfg = Release|Any CPU
		{3E6F519D-E4BC-4447-AA52-58BC73133FDC}.Release|Any CPU.Build.0 = Release|Any CPU
	EndGlobalSection
	GlobalSection(SolutionProperties) = preSolution
		HideSolutionNode = FALSE
	EndGlobalSection
	GlobalSection(ExtensibilityGlobals) = postSolution
		SolutionGuid = {C9C911B7-9484-4A84-B0A7-F123A0F03B57}
	EndGlobalSection
EndGlobal
